
Microsoft Visual Studio Solution File, Format Version 12.00
# Visual Studio Version 17
VisualStudioVersion = 17.3.32804.467
MinimumVisualStudioVersion = 10.0.40219.1
Project("{FAE04EC0-301F-11D3-BF4B-00C04F79EFBC}") = "form1", "form1\form1.csproj", "{7707DCB5-FD41-41B2-8B8D-A9A39CF66797}"
EndProject
Global
	GlobalSection(SolutionConfigurationPlatforms) = preSolution
		Debug|Any CPU = Debug|Any CPU
		Release|Any CPU = Release|Any CPU
	EndGlobalSection
	GlobalSection(ProjectConfigurationPlatforms) = postSolution
		{7707DCB5-FD41-41B2-8B8D-A9A39CF66797}.Debug|Any CPU.ActiveCfg = Debug|Any CPU
		{7707DCB5-FD41-41B2-8B8D-A9A39CF66797}.Debug|Any CPU.Build.0 = Debug|Any CPU
		{7707DCB5-FD41-41B2-8B8D-A9A39CF66797}.Release|Any CPU.ActiveCfg = Release|Any CPU
		{7707DCB5-FD41-41B2-8B8D-A9A39CF66797}.Release|Any CPU.Build.0 = Release|Any CPU
	EndGlobalSection
	GlobalSection(SolutionProperties) = preSolution
		HideSolutionNode = FALSE
	EndGlobalSection
	GlobalSection(ExtensibilityGlobals) = postSolution
		SolutionGuid = {A040D753-35B8-4ABD-9AF6-052F5987CB51}
	EndGlobalSection
EndGlobal
